{
  "name": "samp-nodejs-sample-server",
  "version": "1.0.0",
  "lockfileVersion": 1,
  "requires": true,
  "dependencies": {
    "@sa-mp/node": {
      "version": "0.2.0",
      "resolved": "https://registry.npmjs.org/@sa-mp/node/-/node-0.2.0.tgz",
      "integrity": "sha512-pNkx5cNJx786Smgrzultj7ei2IHP+ZiZGm9ER3+gnOOVM8s7b6LcKhFbL8JPf9b+VdhSOTDhqhYATmyMj3G5DQ==",
      "dev": true
    },
    "@types/node": {
      "version": "14.0.13",
      "resolved": "https://registry.npmjs.org/@types/node/-/node-14.0.13.tgz",
      "integrity": "sha512-rouEWBImiRaSJsVA+ITTFM6ZxibuAlTuNOCyxVbwreu6k6+ujs7DfnU9o+PShFhET78pMBl3eH+AGSI5eOTkPA==",
      "dev": true
    },
    "samp-node-lib": {
      "version": "1.0.4",
      "resolved": "https://registry.npmjs.org/samp-node-lib/-/samp-node-lib-1.0.4.tgz",
      "integrity": "sha512-5l6Qzac0HhgA1nbfQIdAn8TLsUq95YEKpj3e/L0eBCBEG7nlPo4lCW1UBB+XAAHwjeurYOIvGGbRSgroYRIuag=="
    }
  }
}
